
Microsoft Visual Studio Solution File, Format Version 12.00
# Visual Studio Version 17
VisualStudioVersion = 17.13.35931.197
MinimumVisualStudioVersion = 10.0.40219.1
Project("{FAE04EC0-301F-11D3-BF4B-00C04F79EFBC}") = "MetroLayag", "MetroLayag\MetroLayag.csproj", "{F50B0109-3D16-42C7-A68F-E570AD98704B}"
EndProject
Global
	GlobalSection(SolutionConfigurationPlatforms) = preSolution
		Debug|Any CPU = Debug|Any CPU
		Release|Any CPU = Release|Any CPU
	EndGlobalSection
	GlobalSection(ProjectConfigurationPlatforms) = postSolution
		{F50B0109-3D16-42C7-A68F-E570AD98704B}.Debug|Any CPU.ActiveCfg = Debug|Any CPU
		{F50B0109-3D16-42C7-A68F-E570AD98704B}.Debug|Any CPU.Build.0 = Debug|Any CPU
		{F50B0109-3D16-42C7-A68F-E570AD98704B}.Release|Any CPU.ActiveCfg = Release|Any CPU
		{F50B0109-3D16-42C7-A68F-E570AD98704B}.Release|Any CPU.Build.0 = Release|Any CPU
	EndGlobalSection
	GlobalSection(SolutionProperties) = preSolution
		HideSolutionNode = FALSE
	EndGlobalSection
	GlobalSection(ExtensibilityGlobals) = postSolution
		SolutionGuid = {B157EAED-09D3-4325-A593-A8A441041122}
	EndGlobalSection
EndGlobal
